
Microsoft Visual Studio Solution File, Format Version 12.00
# Visual Studio Version 16
VisualStudioVersion = 16.0.31624.102
MinimumVisualStudioVersion = 10.0.40219.1
Project("{FAE04EC0-301F-11D3-BF4B-00C04F79EFBC}") = "nunit3x", "nunit3x\nunit3x.csproj", "{65587B52-7882-47AF-9791-A579D9B98FAB}"
EndProject
Global
	GlobalSection(SolutionConfigurationPlatforms) = preSolution
		Debug|Any CPU = Debug|Any CPU
		Release|Any CPU = Release|Any CPU
	EndGlobalSection
	GlobalSection(ProjectConfigurationPlatforms) = postSolution
		{65587B52-7882-47AF-9791-A579D9B98FAB}.Debug|Any CPU.ActiveCfg = Debug|Any CPU
		{65587B52-7882-47AF-9791-A579D9B98FAB}.Debug|Any CPU.Build.0 = Debug|Any CPU
		{65587B52-7882-47AF-9791-A579D9B98FAB}.Release|Any CPU.ActiveCfg = Release|Any CPU
		{65587B52-7882-47AF-9791-A579D9B98FAB}.Release|Any CPU.Build.0 = Release|Any CPU
	EndGlobalSection
	GlobalSection(SolutionProperties) = preSolution
		HideSolutionNode = FALSE
	EndGlobalSection
	GlobalSection(ExtensibilityGlobals) = postSolution
		SolutionGuid = {9C4816E3-994C-4A90-8E76-FED3D5188415}
	EndGlobalSection
EndGlobal
